
Microsoft Visual Studio Solution File, Format Version 12.00
# Visual Studio Version 17
VisualStudioVersion = 17.2.32526.322
MinimumVisualStudioVersion = 10.0.40219.1
Project("{FAE04EC0-301F-11D3-BF4B-00C04F79EFBC}") = "MyTasks", "MyTasks\MyTasks.csproj", "{B5951756-F646-4F42-B680-40FECA66337B}"
EndProject
Global
	GlobalSection(SolutionConfigurationPlatforms) = preSolution
		Debug|Any CPU = Debug|Any CPU
		Release|Any CPU = Release|Any CPU
	EndGlobalSection
	GlobalSection(ProjectConfigurationPlatforms) = postSolution
		{B5951756-F646-4F42-B680-40FECA66337B}.Debug|Any CPU.ActiveCfg = Debug|Any CPU
		{B5951756-F646-4F42-B680-40FECA66337B}.Debug|Any CPU.Build.0 = Debug|Any CPU
		{B5951756-F646-4F42-B680-40FECA66337B}.Release|Any CPU.ActiveCfg = Release|Any CPU
		{B5951756-F646-4F42-B680-40FECA66337B}.Release|Any CPU.Build.0 = Release|Any CPU
	EndGlobalSection
	GlobalSection(SolutionProperties) = preSolution
		HideSolutionNode = FALSE
	EndGlobalSection
	GlobalSection(ExtensibilityGlobals) = postSolution
		SolutionGuid = {3A33F031-9C5C-4911-8472-7BFA44DA19F4}
	EndGlobalSection
EndGlobal
